
Microsoft Visual Studio Solution File, Format Version 12.00
# Visual Studio Version 16
VisualStudioVersion = 16.0.29403.142
MinimumVisualStudioVersion = 10.0.40219.1
Project("{FAE04EC0-301F-11D3-BF4B-00C04F79EFBC}") = "RPGEffectSystem", "RPGEffectSystem\RPGEffectSystem.csproj", "{314E3737-68E8-42AC-9345-4DBDA3CD4E3B}"
EndProject
Project("{FAE04EC0-301F-11D3-BF4B-00C04F79EFBC}") = "RPGDecorator", "RPGDecorator\RPGDecorator.csproj", "{D4F8BFD3-FBE0-4094-8634-6F6E47C051D5}"
EndProject
Global
	GlobalSection(SolutionConfigurationPlatforms) = preSolution
		Debug|Any CPU = Debug|Any CPU
		Release|Any CPU = Release|Any CPU
	EndGlobalSection
	GlobalSection(ProjectConfigurationPlatforms) = postSolution
		{314E3737-68E8-42AC-9345-4DBDA3CD4E3B}.Debug|Any CPU.ActiveCfg = Debug|Any CPU
		{314E3737-68E8-42AC-9345-4DBDA3CD4E3B}.Debug|Any CPU.Build.0 = Debug|Any CPU
		{314E3737-68E8-42AC-9345-4DBDA3CD4E3B}.Release|Any CPU.ActiveCfg = Release|Any CPU
		{314E3737-68E8-42AC-9345-4DBDA3CD4E3B}.Release|Any CPU.Build.0 = Release|Any CPU
		{D4F8BFD3-FBE0-4094-8634-6F6E47C051D5}.Debug|Any CPU.ActiveCfg = Debug|Any CPU
		{D4F8BFD3-FBE0-4094-8634-6F6E47C051D5}.Debug|Any CPU.Build.0 = Debug|Any CPU
		{D4F8BFD3-FBE0-4094-8634-6F6E47C051D5}.Release|Any CPU.ActiveCfg = Release|Any CPU
		{D4F8BFD3-FBE0-4094-8634-6F6E47C051D5}.Release|Any CPU.Build.0 = Release|Any CPU
	EndGlobalSection
	GlobalSection(SolutionProperties) = preSolution
		HideSolutionNode = FALSE
	EndGlobalSection
	GlobalSection(ExtensibilityGlobals) = postSolution
		SolutionGuid = {E771B583-2E67-4427-A816-990AA1965ED2}
	EndGlobalSection
EndGlobal
